<?xml version="1.0" encoding="utf-8"?>
<Project ToolsVersion="4.0" xmlns="http://schemas.microsoft.com/developer/msbuild/2003">
  <ItemGroup>
    <Filter Include="Source Files">
      <UniqueIdentifier>{35ca90d4-aa25-4528-90c7-6a6fd16a1554}</UniqueIdentifier>
    </Filter>
  </ItemGroup>
  <ItemGroup>
    <ClCompile Include="main.cpp">
      <Filter>Source Files</Filter>
    </ClCompile>
    <ClCompile Include="IOUring.cpp" />
  </ItemGroup>
  <ItemGroup>
    <ClInclude Include="IOUring.h" />
  </ItemGroup>
</Project>